
Microsoft Visual Studio Solution File, Format Version 12.00
# Visual Studio Version 16
VisualStudioVersion = 16.0.29926.136
MinimumVisualStudioVersion = 10.0.40219.1
Project("{FAE04EC0-301F-11D3-BF4B-00C04F79EFBC}") = "CompanyApp", "CompanyApp\CompanyApp.csproj", "{C9E92B26-0273-496E-940E-C4BAB495892B}"
EndProject
Global
	GlobalSection(SolutionConfigurationPlatforms) = preSolution
		Debug|Any CPU = Debug|Any CPU
		Release|Any CPU = Release|Any CPU
	EndGlobalSection
	GlobalSection(ProjectConfigurationPlatforms) = postSolution
		{C9E92B26-0273-496E-940E-C4BAB495892B}.Debug|Any CPU.ActiveCfg = Debug|Any CPU
		{C9E92B26-0273-496E-940E-C4BAB495892B}.Debug|Any CPU.Build.0 = Debug|Any CPU
		{C9E92B26-0273-496E-940E-C4BAB495892B}.Release|Any CPU.ActiveCfg = Release|Any CPU
		{C9E92B26-0273-496E-940E-C4BAB495892B}.Release|Any CPU.Build.0 = Release|Any CPU
	EndGlobalSection
	GlobalSection(SolutionProperties) = preSolution
		HideSolutionNode = FALSE
	EndGlobalSection
	GlobalSection(ExtensibilityGlobals) = postSolution
		SolutionGuid = {B2051210-210B-42AF-A4E1-4A09C2F509F6}
	EndGlobalSection
EndGlobal
